
Microsoft Visual Studio Solution File, Format Version 12.00
# Visual Studio 15
VisualStudioVersion = 15.0.26730.16
MinimumVisualStudioVersion = 10.0.40219.1
Project("{FAE04EC0-301F-11D3-BF4B-00C04F79EFBC}") = "GlossaryBackend", "GlossaryBackend\GlossaryBackend.csproj", "{790F9D1D-6196-4D48-BCFD-87699C15B8CE}"
EndProject
Project("{FAE04EC0-301F-11D3-BF4B-00C04F79EFBC}") = "GlossaryDefinition", "GlossaryDefinition\GlossaryDefinition.csproj", "{48C6505F-963A-4BEC-89C2-729BA3722502}"
EndProject
Project("{FAE04EC0-301F-11D3-BF4B-00C04F79EFBC}") = "GlossaryInMemoryBusiness", "GlossaryInMemoryBusiness\GlossaryInMemoryBusiness.csproj", "{91DAA86E-A954-4995-A3AA-53CB0FAADD72}"
EndProject
Global
	GlobalSection(SolutionConfigurationPlatforms) = preSolution
		Debug|Any CPU = Debug|Any CPU
		Release|Any CPU = Release|Any CPU
	EndGlobalSection
	GlobalSection(ProjectConfigurationPlatforms) = postSolution
		{790F9D1D-6196-4D48-BCFD-87699C15B8CE}.Debug|Any CPU.ActiveCfg = Debug|Any CPU
		{790F9D1D-6196-4D48-BCFD-87699C15B8CE}.Debug|Any CPU.Build.0 = Debug|Any CPU
		{790F9D1D-6196-4D48-BCFD-87699C15B8CE}.Release|Any CPU.ActiveCfg = Release|Any CPU
		{790F9D1D-6196-4D48-BCFD-87699C15B8CE}.Release|Any CPU.Build.0 = Release|Any CPU
		{48C6505F-963A-4BEC-89C2-729BA3722502}.Debug|Any CPU.ActiveCfg = Debug|Any CPU
		{48C6505F-963A-4BEC-89C2-729BA3722502}.Debug|Any CPU.Build.0 = Debug|Any CPU
		{48C6505F-963A-4BEC-89C2-729BA3722502}.Release|Any CPU.ActiveCfg = Release|Any CPU
		{48C6505F-963A-4BEC-89C2-729BA3722502}.Release|Any CPU.Build.0 = Release|Any CPU
		{91DAA86E-A954-4995-A3AA-53CB0FAADD72}.Debug|Any CPU.ActiveCfg = Debug|Any CPU
		{91DAA86E-A954-4995-A3AA-53CB0FAADD72}.Debug|Any CPU.Build.0 = Debug|Any CPU
		{91DAA86E-A954-4995-A3AA-53CB0FAADD72}.Release|Any CPU.ActiveCfg = Release|Any CPU
		{91DAA86E-A954-4995-A3AA-53CB0FAADD72}.Release|Any CPU.Build.0 = Release|Any CPU
	EndGlobalSection
	GlobalSection(SolutionProperties) = preSolution
		HideSolutionNode = FALSE
	EndGlobalSection
	GlobalSection(ExtensibilityGlobals) = postSolution
		SolutionGuid = {C412F332-70B9-4B70-A298-9431273CAE6A}
	EndGlobalSection
EndGlobal
